// !$*UTF8*$!
{
	archiveVersion = 1;
	classes = {
	};
	objectVersion = 51;
	objects = {

/* Begin PBXBuildFile section */
		351CDB4F6AD434D62697AA9C /* Pods_CocktailSearch.framework in Frameworks */ = {isa = PBXBuildFile; fileRef = 22437647478E9C95FA6BCEA2 /* Pods_CocktailSearch.framework */; };
		F429E1DB252DB849002D95B6 /* Scene.swift in Sources */ = {isa = PBXBuildFile; fileRef = F429E1DA252DB849002D95B6 /* Scene.swift */; };
		F429E1DE252DB90D002D95B6 /* SceneCoordinatorType.swift in Sources */ = {isa = PBXBuildFile; fileRef = F429E1DD252DB90D002D95B6 /* SceneCoordinatorType.swift */; };
		F429E1E1252DB931002D95B6 /* TransitionModel.swift in Sources */ = {isa = PBXBuildFile; fileRef = F429E1E0252DB931002D95B6 /* TransitionModel.swift */; };
		F429E1E4252DB9B5002D95B6 /* SceneCoordinator.swift in Sources */ = {isa = PBXBuildFile; fileRef = F429E1E3252DB9B5002D95B6 /* SceneCoordinator.swift */; };
		F48B5403252D914D00F9CE82 /* AppDelegate.swift in Sources */ = {isa = PBXBuildFile; fileRef = F48B5402252D914D00F9CE82 /* AppDelegate.swift */; };
		F48B5405252D914D00F9CE82 /* SceneDelegate.swift in Sources */ = {isa = PBXBuildFile; fileRef = F48B5404252D914D00F9CE82 /* SceneDelegate.swift */; };
		F48B540A252D914D00F9CE82 /* Main.storyboard in Resources */ = {isa = PBXBuildFile; fileRef = F48B5408252D914D00F9CE82 /* Main.storyboard */; };
		F48B540C252D915100F9CE82 /* Assets.xcassets in Resources */ = {isa = PBXBuildFile; fileRef = F48B540B252D915100F9CE82 /* Assets.xcassets */; };
		F48B5419252D917500F9CE82 /* LaunchScreen.storyboard in Resources */ = {isa = PBXBuildFile; fileRef = F48B5418252D917500F9CE82 /* LaunchScreen.storyboard */; };
		F48B541E252D919C00F9CE82 /* MainViewController.swift in Sources */ = {isa = PBXBuildFile; fileRef = F48B541D252D919C00F9CE82 /* MainViewController.swift */; };
		F492E41B252D981200202CB2 /* ViewModelBindableType.swift in Sources */ = {isa = PBXBuildFile; fileRef = F492E41A252D981200202CB2 /* ViewModelBindableType.swift */; };
		F492E41E252D9EC500202CB2 /* Network.swift in Sources */ = {isa = PBXBuildFile; fileRef = F492E41D252D9EC500202CB2 /* Network.swift */; };
		F492E422252DA18E00202CB2 /* RandomCocktail.swift in Sources */ = {isa = PBXBuildFile; fileRef = F492E421252DA18E00202CB2 /* RandomCocktail.swift */; };
		F492E425252DA7C300202CB2 /* MainViewModel.swift in Sources */ = {isa = PBXBuildFile; fileRef = F492E424252DA7C300202CB2 /* MainViewModel.swift */; };
/* End PBXBuildFile section */

/* Begin PBXFileReference section */
		22437647478E9C95FA6BCEA2 /* Pods_CocktailSearch.framework */ = {isa = PBXFileReference; explicitFileType = wrapper.framework; includeInIndex = 0; path = Pods_CocktailSearch.framework; sourceTree = BUILT_PRODUCTS_DIR; };
		463B804B963AEBBBCB94219F /* Pods-CocktailSearch.release.xcconfig */ = {isa = PBXFileReference; includeInIndex = 1; lastKnownFileType = text.xcconfig; name = "Pods-CocktailSearch.release.xcconfig"; path = "Target Support Files/Pods-CocktailSearch/Pods-CocktailSearch.release.xcconfig"; sourceTree = "<group>"; };
		96BDAFCAAB588D064556F7C6 /* Pods-CocktailSearch.debug.xcconfig */ = {isa = PBXFileReference; includeInIndex = 1; lastKnownFileType = text.xcconfig; name = "Pods-CocktailSearch.debug.xcconfig"; path = "Target Support Files/Pods-CocktailSearch/Pods-CocktailSearch.debug.xcconfig"; sourceTree = "<group>"; };
		F429E1DA252DB849002D95B6 /* Scene.swift */ = {isa = PBXFileReference; lastKnownFileType = sourcecode.swift; path = Scene.swift; sourceTree = "<group>"; };
		F429E1DD252DB90D002D95B6 /* SceneCoordinatorType.swift */ = {isa = PBXFileReference; lastKnownFileType = sourcecode.swift; path = SceneCoordinatorType.swift; sourceTree = "<group>"; };
		F429E1E0252DB931002D95B6 /* TransitionModel.swift */ = {isa = PBXFileReference; lastKnownFileType = sourcecode.swift; path = TransitionModel.swift; sourceTree = "<group>"; };
		F429E1E3252DB9B5002D95B6 /* SceneCoordinator.swift */ = {isa = PBXFileReference; lastKnownFileType = sourcecode.swift; path = SceneCoordinator.swift; sourceTree = "<group>"; };
		F48B53FF252D914D00F9CE82 /* CocktailSearch.app */ = {isa = PBXFileReference; explicitFileType = wrapper.application; includeInIndex = 0; path = CocktailSearch.app; sourceTree = BUILT_PRODUCTS_DIR; };
		F48B5402252D914D00F9CE82 /* AppDelegate.swift */ = {isa = PBXFileReference; lastKnownFileType = sourcecode.swift; path = AppDelegate.swift; sourceTree = "<group>"; };
		F48B5404252D914D00F9CE82 /* SceneDelegate.swift */ = {isa = PBXFileReference; lastKnownFileType = sourcecode.swift; path = SceneDelegate.swift; sourceTree = "<group>"; };
		F48B5409252D914D00F9CE82 /* Base */ = {isa = PBXFileReference; lastKnownFileType = file.storyboard; name = Base; path = Base.lproj/Main.storyboard; sourceTree = "<group>"; };
		F48B540B252D915100F9CE82 /* Assets.xcassets */ = {isa = PBXFileReference; lastKnownFileType = folder.assetcatalog; path = Assets.xcassets; sourceTree = "<group>"; };
		F48B5410252D915100F9CE82 /* Info.plist */ = {isa = PBXFileReference; lastKnownFileType = text.plist.xml; path = Info.plist; sourceTree = "<group>"; };
		F48B5418252D917500F9CE82 /* LaunchScreen.storyboard */ = {isa = PBXFileReference; lastKnownFileType = file.storyboard; path = LaunchScreen.storyboard; sourceTree = "<group>"; };
		F48B541D252D919C00F9CE82 /* MainViewController.swift */ = {isa = PBXFileReference; lastKnownFileType = sourcecode.swift; path = MainViewController.swift; sourceTree = "<group>"; };
		F492E41A252D981200202CB2 /* ViewModelBindableType.swift */ = {isa = PBXFileReference; lastKnownFileType = sourcecode.swift; path = ViewModelBindableType.swift; sourceTree = "<group>"; };
		F492E41D252D9EC500202CB2 /* Network.swift */ = {isa = PBXFileReference; lastKnownFileType = sourcecode.swift; path = Network.swift; sourceTree = "<group>"; };
		F492E421252DA18E00202CB2 /* RandomCocktail.swift */ = {isa = PBXFileReference; lastKnownFileType = sourcecode.swift; path = RandomCocktail.swift; sourceTree = "<group>"; };
		F492E424252DA7C300202CB2 /* MainViewModel.swift */ = {isa = PBXFileReference; lastKnownFileType = sourcecode.swift; path = MainViewModel.swift; sourceTree = "<group>"; };
/* End PBXFileReference section */

/* Begin PBXFrameworksBuildPhase section */
		F48B53FC252D914D00F9CE82 /* Frameworks */ = {
			isa = PBXFrameworksBuildPhase;
			buildActionMask = 2147483647;
			files = (
				351CDB4F6AD434D62697AA9C /* Pods_CocktailSearch.framework in Frameworks */,
			);
			runOnlyForDeploymentPostprocessing = 0;
		};
/* End PBXFrameworksBuildPhase section */

/* Begin PBXGroup section */
		A1937C397671F213A3A434BB /* Pods */ = {
			isa = PBXGroup;
			children = (
				96BDAFCAAB588D064556F7C6 /* Pods-CocktailSearch.debug.xcconfig */,
				463B804B963AEBBBCB94219F /* Pods-CocktailSearch.release.xcconfig */,
			);
			path = Pods;
			sourceTree = "<group>";
		};
		C98C8A32F485FE0AE8896973 /* Frameworks */ = {
			isa = PBXGroup;
			children = (
				22437647478E9C95FA6BCEA2 /* Pods_CocktailSearch.framework */,
			);
			name = Frameworks;
			sourceTree = "<group>";
		};
		F48B53F6252D914D00F9CE82 = {
			isa = PBXGroup;
			children = (
				F48B5401252D914D00F9CE82 /* CocktailSearch */,
				F48B5400252D914D00F9CE82 /* Products */,
				A1937C397671F213A3A434BB /* Pods */,
				C98C8A32F485FE0AE8896973 /* Frameworks */,
			);
			sourceTree = "<group>";
		};
		F48B5400252D914D00F9CE82 /* Products */ = {
			isa = PBXGroup;
			children = (
				F48B53FF252D914D00F9CE82 /* CocktailSearch.app */,
			);
			name = Products;
			sourceTree = "<group>";
		};
		F48B5401252D914D00F9CE82 /* CocktailSearch */ = {
			isa = PBXGroup;
			children = (
				F492E419252D97DF00202CB2 /* Service */,
				F492E418252D97D700202CB2 /* Scene */,
				F492E417252D97C700202CB2 /* View */,
				F492E416252D97C000202CB2 /* ViewModel */,
				F492E415252D97B800202CB2 /* Model */,
				F48B5402252D914D00F9CE82 /* AppDelegate.swift */,
				F48B5404252D914D00F9CE82 /* SceneDelegate.swift */,
				F48B5408252D914D00F9CE82 /* Main.storyboard */,
				F48B5418252D917500F9CE82 /* LaunchScreen.storyboard */,
				F48B540B252D915100F9CE82 /* Assets.xcassets */,
				F48B5410252D915100F9CE82 /* Info.plist */,
			);
			path = CocktailSearch;
			sourceTree = "<group>";
		};
		F492E415252D97B800202CB2 /* Model */ = {
			isa = PBXGroup;
			children = (
				F492E421252DA18E00202CB2 /* RandomCocktail.swift */,
			);
			path = Model;
			sourceTree = "<group>";
		};
		F492E416252D97C000202CB2 /* ViewModel */ = {
			isa = PBXGroup;
			children = (
				F492E424252DA7C300202CB2 /* MainViewModel.swift */,
			);
			path = ViewModel;
			sourceTree = "<group>";
		};
		F492E417252D97C700202CB2 /* View */ = {
			isa = PBXGroup;
			children = (
				F48B541D252D919C00F9CE82 /* MainViewController.swift */,
				F492E41A252D981200202CB2 /* ViewModelBindableType.swift */,
			);
			path = View;
			sourceTree = "<group>";
		};
		F492E418252D97D700202CB2 /* Scene */ = {
			isa = PBXGroup;
			children = (
				F429E1E0252DB931002D95B6 /* TransitionModel.swift */,
				F429E1DA252DB849002D95B6 /* Scene.swift */,
				F429E1DD252DB90D002D95B6 /* SceneCoordinatorType.swift */,
				F429E1E3252DB9B5002D95B6 /* SceneCoordinator.swift */,
			);
			path = Scene;
			sourceTree = "<group>";
		};
		F492E419252D97DF00202CB2 /* Service */ = {
			isa = PBXGroup;
			children = (
				F492E420252D9F6700202CB2 /* API */,
				F492E41D252D9EC500202CB2 /* Network.swift */,
			);
			path = Service;
			sourceTree = "<group>";
		};
		F492E420252D9F6700202CB2 /* API */ = {
			isa = PBXGroup;
			children = (
			);
			path = API;
			sourceTree = "<group>";
		};
/* End PBXGroup section */

/* Begin PBXNativeTarget section */
		F48B53FE252D914D00F9CE82 /* CocktailSearch */ = {
			isa = PBXNativeTarget;
			buildConfigurationList = F48B5413252D915100F9CE82 /* Build configuration list for PBXNativeTarget "CocktailSearch" */;
			buildPhases = (
				F06EC67A50A380A93E368699 /* [CP] Check Pods Manifest.lock */,
				F48B53FB252D914D00F9CE82 /* Sources */,
				F48B53FC252D914D00F9CE82 /* Frameworks */,
				F48B53FD252D914D00F9CE82 /* Resources */,
				327497B1E291BFC675416A7A /* [CP] Embed Pods Frameworks */,
			);
			buildRules = (
			);
			dependencies = (
			);
			name = CocktailSearch;
			productName = CocktailSearch;
			productReference = F48B53FF252D914D00F9CE82 /* CocktailSearch.app */;
			productType = "com.apple.product-type.application";
		};
/* End PBXNativeTarget section */

/* Begin PBXProject section */
		F48B53F7252D914D00F9CE82 /* Project object */ = {
			isa = PBXProject;
			attributes = {
				LastSwiftUpdateCheck = 1200;
				LastUpgradeCheck = 1200;
				TargetAttributes = {
					F48B53FE252D914D00F9CE82 = {
						CreatedOnToolsVersion = 12.0.1;
					};
				};
			};
			buildConfigurationList = F48B53FA252D914D00F9CE82 /* Build configuration list for PBXProject "CocktailSearch" */;
			compatibilityVersion = "Xcode 9.3";
			developmentRegion = en;
			hasScannedForEncodings = 0;
			knownRegions = (
				en,
				Base,
			);
			mainGroup = F48B53F6252D914D00F9CE82;
			productRefGroup = F48B5400252D914D00F9CE82 /* Products */;
			projectDirPath = "";
			projectRoot = "";
			targets = (
				F48B53FE252D914D00F9CE82 /* CocktailSearch */,
			);
		};
/* End PBXProject section */

/* Begin PBXResourcesBuildPhase section */
		F48B53FD252D914D00F9CE82 /* Resources */ = {
			isa = PBXResourcesBuildPhase;
			buildActionMask = 2147483647;
			files = (
				F48B5419252D917500F9CE82 /* LaunchScreen.storyboard in Resources */,
				F48B540C252D915100F9CE82 /* Assets.xcassets in Resources */,
				F48B540A252D914D00F9CE82 /* Main.storyboard in Resources */,
			);
			runOnlyForDeploymentPostprocessing = 0;
		};
/* End PBXResourcesBuildPhase section */

/* Begin PBXShellScriptBuildPhase section */
		327497B1E291BFC675416A7A /* [CP] Embed Pods Frameworks */ = {
			isa = PBXShellScriptBuildPhase;
			buildActionMask = 2147483647;
			files = (
			);
			inputFileListPaths = (
				"${PODS_ROOT}/Target Support Files/Pods-CocktailSearch/Pods-CocktailSearch-frameworks-${CONFIGURATION}-input-files.xcfilelist",
			);
			name = "[CP] Embed Pods Frameworks";
			outputFileListPaths = (
				"${PODS_ROOT}/Target Support Files/Pods-CocktailSearch/Pods-CocktailSearch-frameworks-${CONFIGURATION}-output-files.xcfilelist",
			);
			runOnlyForDeploymentPostprocessing = 0;
			shellPath = /bin/sh;
			shellScript = "\"${PODS_ROOT}/Target Support Files/Pods-CocktailSearch/Pods-CocktailSearch-frameworks.sh\"\n";
			showEnvVarsInLog = 0;
		};
		F06EC67A50A380A93E368699 /* [CP] Check Pods Manifest.lock */ = {
			isa = PBXShellScriptBuildPhase;
			buildActionMask = 2147483647;
			files = (
			);
			inputFileListPaths = (
			);
			inputPaths = (
				"${PODS_PODFILE_DIR_PATH}/Podfile.lock",
				"${PODS_ROOT}/Manifest.lock",
			);
			name = "[CP] Check Pods Manifest.lock";
			outputFileListPaths = (
			);
			outputPaths = (
				"$(DERIVED_FILE_DIR)/Pods-CocktailSearch-checkManifestLockResult.txt",
			);
			runOnlyForDeploymentPostprocessing = 0;
			shellPath = /bin/sh;
			shellScript = "diff \"${PODS_PODFILE_DIR_PATH}/Podfile.lock\" \"${PODS_ROOT}/Manifest.lock\" > /dev/null\nif [ $? != 0 ] ; then\n    # print error to STDERR\n    echo \"error: The sandbox is not in sync with the Podfile.lock. Run 'pod install' or update your CocoaPods installation.\" >&2\n    exit 1\nfi\n# This output is used by Xcode 'outputs' to avoid re-running this script phase.\necho \"SUCCESS\" > \"${SCRIPT_OUTPUT_FILE_0}\"\n";
			showEnvVarsInLog = 0;
		};
/* End PBXShellScriptBuildPhase section */

/* Begin PBXSourcesBuildPhase section */
		F48B53FB252D914D00F9CE82 /* Sources */ = {
			isa = PBXSourcesBuildPhase;
			buildActionMask = 2147483647;
			files = (
				F492E425252DA7C300202CB2 /* MainViewModel.swift in Sources */,
				F492E41E252D9EC500202CB2 /* Network.swift in Sources */,
				F429E1DE252DB90D002D95B6 /* SceneCoordinatorType.swift in Sources */,
				F48B541E252D919C00F9CE82 /* MainViewController.swift in Sources */,
				F492E41B252D981200202CB2 /* ViewModelBindableType.swift in Sources */,
				F429E1DB252DB849002D95B6 /* Scene.swift in Sources */,
				F48B5403252D914D00F9CE82 /* AppDelegate.swift in Sources */,
				F492E422252DA18E00202CB2 /* RandomCocktail.swift in Sources */,
				F429E1E1252DB931002D95B6 /* TransitionModel.swift in Sources */,
				F48B5405252D914D00F9CE82 /* SceneDelegate.swift in Sources */,
				F429E1E4252DB9B5002D95B6 /* SceneCoordinator.swift in Sources */,
			);
			runOnlyForDeploymentPostprocessing = 0;
		};
/* End PBXSourcesBuildPhase section */

/* Begin PBXVariantGroup section */
		F48B5408252D914D00F9CE82 /* Main.storyboard */ = {
			isa = PBXVariantGroup;
			children = (
				F48B5409252D914D00F9CE82 /* Base */,
			);
			name = Main.storyboard;
			sourceTree = "<group>";
		};
/* End PBXVariantGroup section */

/* Begin XCBuildConfiguration section */
		F48B5411252D915100F9CE82 /* Debug */ = {
			isa = XCBuildConfiguration;
			buildSettings = {
				ALWAYS_SEARCH_USER_PATHS = NO;
				CLANG_ANALYZER_NONNULL = YES;
				CLANG_ANALYZER_NUMBER_OBJECT_CONVERSION = YES_AGGRESSIVE;
				CLANG_CXX_LANGUAGE_STANDARD = "gnu++14";
				CLANG_CXX_LIBRARY = "libc++";
				CLANG_ENABLE_MODULES = YES;
				CLANG_ENABLE_OBJC_ARC = YES;
				CLANG_ENABLE_OBJC_WEAK = YES;
				CLANG_WARN_BLOCK_CAPTURE_AUTORELEASING = YES;
				CLANG_WARN_BOOL_CONVERSION = YES;
				CLANG_WARN_COMMA = YES;
				CLANG_WARN_CONSTANT_CONVERSION = YES;
				CLANG_WARN_DEPRECATED_OBJC_IMPLEMENTATIONS = YES;
				CLANG_WARN_DIRECT_OBJC_ISA_USAGE = YES_ERROR;
				CLANG_WARN_DOCUMENTATION_COMMENTS = YES;
				CLANG_WARN_EMPTY_BODY = YES;
				CLANG_WARN_ENUM_CONVERSION = YES;
				CLANG_WARN_INFINITE_RECURSION = YES;
				CLANG_WARN_INT_CONVERSION = YES;
				CLANG_WARN_NON_LITERAL_NULL_CONVERSION = YES;
				CLANG_WARN_OBJC_IMPLICIT_RETAIN_SELF = YES;
				CLANG_WARN_OBJC_LITERAL_CONVERSION = YES;
				CLANG_WARN_OBJC_ROOT_CLASS = YES_ERROR;
				CLANG_WARN_QUOTED_INCLUDE_IN_FRAMEWORK_HEADER = YES;
				CLANG_WARN_RANGE_LOOP_ANALYSIS = YES;
				CLANG_WARN_STRICT_PROTOTYPES = YES;
				CLANG_WARN_SUSPICIOUS_MOVE = YES;
				CLANG_WARN_UNGUARDED_AVAILABILITY = YES_AGGRESSIVE;
				CLANG_WARN_UNREACHABLE_CODE = YES;
				CLANG_WARN__DUPLICATE_METHOD_MATCH = YES;
				COPY_PHASE_STRIP = NO;
				DEBUG_INFORMATION_FORMAT = dwarf;
				ENABLE_STRICT_OBJC_MSGSEND = YES;
				ENABLE_TESTABILITY = YES;
				GCC_C_LANGUAGE_STANDARD = gnu11;
				GCC_DYNAMIC_NO_PIC = NO;
				GCC_NO_COMMON_BLOCKS = YES;
				GCC_OPTIMIZATION_LEVEL = 0;
				GCC_PREPROCESSOR_DEFINITIONS = (
					"DEBUG=1",
					"$(inherited)",
				);
				GCC_WARN_64_TO_32_BIT_CONVERSION = YES;
				GCC_WARN_ABOUT_RETURN_TYPE = YES_ERROR;
				GCC_WARN_UNDECLARED_SELECTOR = YES;
				GCC_WARN_UNINITIALIZED_AUTOS = YES_AGGRESSIVE;
				GCC_WARN_UNUSED_FUNCTION = YES;
				GCC_WARN_UNUSED_VARIABLE = YES;
				IPHONEOS_DEPLOYMENT_TARGET = 14.0;
				MTL_ENABLE_DEBUG_INFO = INCLUDE_SOURCE;
				MTL_FAST_MATH = YES;
				ONLY_ACTIVE_ARCH = YES;
				SDKROOT = iphoneos;
				SWIFT_ACTIVE_COMPILATION_CONDITIONS = DEBUG;
				SWIFT_OPTIMIZATION_LEVEL = "-Onone";
			};
			name = Debug;
		};
		F48B5412252D915100F9CE82 /* Release */ = {
			isa = XCBuildConfiguration;
			buildSettings = {
				ALWAYS_SEARCH_USER_PATHS = NO;
				CLANG_ANALYZER_NONNULL = YES;
				CLANG_ANALYZER_NUMBER_OBJECT_CONVERSION = YES_AGGRESSIVE;
				CLANG_CXX_LANGUAGE_STANDARD = "gnu++14";
				CLANG_CXX_LIBRARY = "libc++";
				CLANG_ENABLE_MODULES = YES;
				CLANG_ENABLE_OBJC_ARC = YES;
				CLANG_ENABLE_OBJC_WEAK = YES;
				CLANG_WARN_BLOCK_CAPTURE_AUTORELEASING = YES;
				CLANG_WARN_BOOL_CONVERSION = YES;
				CLANG_WARN_COMMA = YES;
				CLANG_WARN_CONSTANT_CONVERSION = YES;
				CLANG_WARN_DEPRECATED_OBJC_IMPLEMENTATIONS = YES;
				CLANG_WARN_DIRECT_OBJC_ISA_USAGE = YES_ERROR;
				CLANG_WARN_DOCUMENTATION_COMMENTS = YES;
				CLANG_WARN_EMPTY_BODY = YES;
				CLANG_WARN_ENUM_CONVERSION = YES;
				CLANG_WARN_INFINITE_RECURSION = YES;
				CLANG_WARN_INT_CONVERSION = YES;
				CLANG_WARN_NON_LITERAL_NULL_CONVERSION = YES;
				CLANG_WARN_OBJC_IMPLICIT_RETAIN_SELF = YES;
				CLANG_WARN_OBJC_LITERAL_CONVERSION = YES;
				CLANG_WARN_OBJC_ROOT_CLASS = YES_ERROR;
				CLANG_WARN_QUOTED_INCLUDE_IN_FRAMEWORK_HEADER = YES;
				CLANG_WARN_RANGE_LOOP_ANALYSIS = YES;
				CLANG_WARN_STRICT_PROTOTYPES = YES;
				CLANG_WARN_SUSPICIOUS_MOVE = YES;
				CLANG_WARN_UNGUARDED_AVAILABILITY = YES_AGGRESSIVE;
				CLANG_WARN_UNREACHABLE_CODE = YES;
				CLANG_WARN__DUPLICATE_METHOD_MATCH = YES;
				COPY_PHASE_STRIP = NO;
				DEBUG_INFORMATION_FORMAT = "dwarf-with-dsym";
				ENABLE_NS_ASSERTIONS = NO;
				ENABLE_STRICT_OBJC_MSGSEND = YES;
				GCC_C_LANGUAGE_STANDARD = gnu11;
				GCC_NO_COMMON_BLOCKS = YES;
				GCC_WARN_64_TO_32_BIT_CONVERSION = YES;
				GCC_WARN_ABOUT_RETURN_TYPE = YES_ERROR;
				GCC_WARN_UNDECLARED_SELECTOR = YES;
				GCC_WARN_UNINITIALIZED_AUTOS = YES_AGGRESSIVE;
				GCC_WARN_UNUSED_FUNCTION = YES;
				GCC_WARN_UNUSED_VARIABLE = YES;
				IPHONEOS_DEPLOYMENT_TARGET = 14.0;
				MTL_ENABLE_DEBUG_INFO = NO;
				MTL_FAST_MATH = YES;
				SDKROOT = iphoneos;
				SWIFT_COMPILATION_MODE = wholemodule;
				SWIFT_OPTIMIZATION_LEVEL = "-O";
				VALIDATE_PRODUCT = YES;
			};
			name = Release;
		};
		F48B5414252D915100F9CE82 /* Debug */ = {
			isa = XCBuildConfiguration;
			baseConfigurationReference = 96BDAFCAAB588D064556F7C6 /* Pods-CocktailSearch.debug.xcconfig */;
			buildSettings = {
				ASSETCATALOG_COMPILER_APPICON_NAME = AppIcon;
				ASSETCATALOG_COMPILER_GLOBAL_ACCENT_COLOR_NAME = AccentColor;
				CODE_SIGN_STYLE = Automatic;
				DEVELOPMENT_TEAM = 5K3J6VS4VX;
				INFOPLIST_FILE = CocktailSearch/Info.plist;
				LD_RUNPATH_SEARCH_PATHS = (
					"$(inherited)",
					"@executable_path/Frameworks",
				);
				PRODUCT_BUNDLE_IDENTIFIER = chanwoong.CocktailSearch;
				PRODUCT_NAME = "$(TARGET_NAME)";
				SWIFT_VERSION = 5.0;
				TARGETED_DEVICE_FAMILY = "1,2";
			};
			name = Debug;
		};
		F48B5415252D915100F9CE82 /* Release */ = {
			isa = XCBuildConfiguration;
			baseConfigurationReference = 463B804B963AEBBBCB94219F /* Pods-CocktailSearch.release.xcconfig */;
			buildSettings = {
				ASSETCATALOG_COMPILER_APPICON_NAME = AppIcon;
				ASSETCATALOG_COMPILER_GLOBAL_ACCENT_COLOR_NAME = AccentColor;
				CODE_SIGN_STYLE = Automatic;
				DEVELOPMENT_TEAM = 5K3J6VS4VX;
				INFOPLIST_FILE = CocktailSearch/Info.plist;
				LD_RUNPATH_SEARCH_PATHS = (
					"$(inherited)",
					"@executable_path/Frameworks",
				);
				PRODUCT_BUNDLE_IDENTIFIER = chanwoong.CocktailSearch;
				PRODUCT_NAME = "$(TARGET_NAME)";
				SWIFT_VERSION = 5.0;
				TARGETED_DEVICE_FAMILY = "1,2";
			};
			name = Release;
		};
/* End XCBuildConfiguration section */

/* Begin XCConfigurationList section */
		F48B53FA252D914D00F9CE82 /* Build configuration list for PBXProject "CocktailSearch" */ = {
			isa = XCConfigurationList;
			buildConfigurations = (
				F48B5411252D915100F9CE82 /* Debug */,
				F48B5412252D915100F9CE82 /* Release */,
			);
			defaultConfigurationIsVisible = 0;
			defaultConfigurationName = Release;
		};
		F48B5413252D915100F9CE82 /* Build configuration list for PBXNativeTarget "CocktailSearch" */ = {
			isa = XCConfigurationList;
			buildConfigurations = (
				F48B5414252D915100F9CE82 /* Debug */,
				F48B5415252D915100F9CE82 /* Release */,
			);
			defaultConfigurationIsVisible = 0;
			defaultConfigurationName = Release;
		};
/* End XCConfigurationList section */
	};
	rootObject = F48B53F7252D914D00F9CE82 /* Project object */;
}
